// !$*UTF8*$!
{
	archiveVersion = 1;
	classes = {
	};
	objectVersion = 46;
	objects = {

/* Begin PBXBuildFile section */
		0A46BA661E87EDFF004580D9 /* libGPUImage.a in Frameworks */ = {isa = PBXBuildFile; fileRef = 0A46BA611E87EDC0004580D9 /* libGPUImage.a */; };
		0A46BA681E87EE0C004580D9 /* CoreMedia.framework in Frameworks */ = {isa = PBXBuildFile; fileRef = 0A46BA671E87EE0C004580D9 /* CoreMedia.framework */; };
		0A46BA6A1E87EE14004580D9 /* CoreVideo.framework in Frameworks */ = {isa = PBXBuildFile; fileRef = 0A46BA691E87EE14004580D9 /* CoreVideo.framework */; };
		0A46BA6C1E87EE1C004580D9 /* OpenGLES.framework in Frameworks */ = {isa = PBXBuildFile; fileRef = 0A46BA6B1E87EE1C004580D9 /* OpenGLES.framework */; };
		0A46BA6E1E87EE24004580D9 /* AVFoundation.framework in Frameworks */ = {isa = PBXBuildFile; fileRef = 0A46BA6D1E87EE24004580D9 /* AVFoundation.framework */; };
		0A46BA701E87EE2D004580D9 /* QuartzCore.framework in Frameworks */ = {isa = PBXBuildFile; fileRef = 0A46BA6F1E87EE2D004580D9 /* QuartzCore.framework */; };
		0A46BA751E88C2B0004580D9 /* LLYAudienceVC.m in Sources */ = {isa = PBXBuildFile; fileRef = 0A46BA731E88C2B0004580D9 /* LLYAudienceVC.m */; };
		0A46BA761E88C2B0004580D9 /* LLYAudienceVC.xib in Resources */ = {isa = PBXBuildFile; fileRef = 0A46BA741E88C2B0004580D9 /* LLYAudienceVC.xib */; };
		0A46BA7C1E88C459004580D9 /* LLYDirectorVC.m in Sources */ = {isa = PBXBuildFile; fileRef = 0A46BA7A1E88C459004580D9 /* LLYDirectorVC.m */; };
		0A46BA7D1E88C459004580D9 /* LLYDirectorVC.xib in Resources */ = {isa = PBXBuildFile; fileRef = 0A46BA7B1E88C459004580D9 /* LLYDirectorVC.xib */; };
		0A46BA801E88C849004580D9 /* LYOpenGLView.m in Sources */ = {isa = PBXBuildFile; fileRef = 0A46BA7F1E88C849004580D9 /* LYOpenGLView.m */; };
		0A5525F31E6E65CA008C709F /* NSMutableData+Buffer.m in Sources */ = {isa = PBXBuildFile; fileRef = 0A5525F21E6E65CA008C709F /* NSMutableData+Buffer.m */; };
		0A5525F61E6E6733008C709F /* NSString+Url.m in Sources */ = {isa = PBXBuildFile; fileRef = 0A5525F51E6E6733008C709F /* NSString+Url.m */; };
		0A5525FF1E6EA764008C709F /* LLYRtmpConfig.m in Sources */ = {isa = PBXBuildFile; fileRef = 0A5525FE1E6EA764008C709F /* LLYRtmpConfig.m */; };
		0A6171241E666B3100A61D99 /* main.m in Sources */ = {isa = PBXBuildFile; fileRef = 0A6171231E666B3100A61D99 /* main.m */; };
		0A6171271E666B3100A61D99 /* AppDelegate.m in Sources */ = {isa = PBXBuildFile; fileRef = 0A6171261E666B3100A61D99 /* AppDelegate.m */; };
		0A61712A1E666B3100A61D99 /* ViewController.m in Sources */ = {isa = PBXBuildFile; fileRef = 0A6171291E666B3100A61D99 /* ViewController.m */; };
		0A61712D1E666B3100A61D99 /* Main.storyboard in Resources */ = {isa = PBXBuildFile; fileRef = 0A61712B1E666B3100A61D99 /* Main.storyboard */; };
		0A61712F1E666B3100A61D99 /* Assets.xcassets in Resources */ = {isa = PBXBuildFile; fileRef = 0A61712E1E666B3100A61D99 /* Assets.xcassets */; };
		0A6171321E666B3100A61D99 /* LaunchScreen.storyboard in Resources */ = {isa = PBXBuildFile; fileRef = 0A6171301E666B3100A61D99 /* LaunchScreen.storyboard */; };
		0A61713D1E666B3100A61D99 /* LLYRtmpDemoTests.m in Sources */ = {isa = PBXBuildFile; fileRef = 0A61713C1E666B3100A61D99 /* LLYRtmpDemoTests.m */; };
		0A6171481E666B3100A61D99 /* LLYRtmpDemoUITests.m in Sources */ = {isa = PBXBuildFile; fileRef = 0A6171471E666B3100A61D99 /* LLYRtmpDemoUITests.m */; };
		0A6171571E666B8E00A61D99 /* VideoToolbox.framework in Frameworks */ = {isa = PBXBuildFile; fileRef = 0A6171561E666B8E00A61D99 /* VideoToolbox.framework */; };
		0A6171661E666DF300A61D99 /* LLYVideoDecode.m in Sources */ = {isa = PBXBuildFile; fileRef = 0A6171651E666DF300A61D99 /* LLYVideoDecode.m */; };
		0A6171691E666E1F00A61D99 /* LLYVideoEncode.m in Sources */ = {isa = PBXBuildFile; fileRef = 0A6171681E666E1F00A61D99 /* LLYVideoEncode.m */; };
		0A61716C1E66746100A61D99 /* LLYVideoConfig.m in Sources */ = {isa = PBXBuildFile; fileRef = 0A61716B1E66746100A61D99 /* LLYVideoConfig.m */; };
		0A6171701E6674EF00A61D99 /* LLYVideoInputHandler.m in Sources */ = {isa = PBXBuildFile; fileRef = 0A61716F1E6674EF00A61D99 /* LLYVideoInputHandler.m */; };
		0A6171731E66781600A61D99 /* LLYVideoOutputHandler.m in Sources */ = {isa = PBXBuildFile; fileRef = 0A6171721E66781600A61D99 /* LLYVideoOutputHandler.m */; };
		0A6171771E66A2F800A61D99 /* LLYRtmpSession.m in Sources */ = {isa = PBXBuildFile; fileRef = 0A6171761E66A2F800A61D99 /* LLYRtmpSession.m */; };
		0A61717A1E66A31C00A61D99 /* LLYVideoSession.m in Sources */ = {isa = PBXBuildFile; fileRef = 0A6171791E66A31C00A61D99 /* LLYVideoSession.m */; };
		0A61717D1E66B26400A61D99 /* LLYSessions.m in Sources */ = {isa = PBXBuildFile; fileRef = 0A61717C1E66B26400A61D99 /* LLYSessions.m */; };
		0A6171811E680CEC00A61D99 /* LLYFrame.m in Sources */ = {isa = PBXBuildFile; fileRef = 0A6171801E680CEC00A61D99 /* LLYFrame.m */; };
		0A6171841E680D2F00A61D99 /* LLYVideoPackager.m in Sources */ = {isa = PBXBuildFile; fileRef = 0A6171831E680D2F00A61D99 /* LLYVideoPackager.m */; };
		0A6171881E6825EC00A61D99 /* LLYStreamSession.m in Sources */ = {isa = PBXBuildFile; fileRef = 0A6171871E6825EC00A61D99 /* LLYStreamSession.m */; };
/* End PBXBuildFile section */

/* Begin PBXContainerItemProxy section */
		0A46BA601E87EDC0004580D9 /* PBXContainerItemProxy */ = {
			isa = PBXContainerItemProxy;
			containerPortal = 0A46BA5A1E87EDC0004580D9 /* GPUImage.xcodeproj */;
			proxyType = 2;
			remoteGlobalIDString = BCF1A33414DDB1EC00852800;
			remoteInfo = GPUImage;
		};
		0A46BA621E87EDC0004580D9 /* PBXContainerItemProxy */ = {
			isa = PBXContainerItemProxy;
			containerPortal = 0A46BA5A1E87EDC0004580D9 /* GPUImage.xcodeproj */;
			proxyType = 2;
			remoteGlobalIDString = BCE209E51943F20C002FEED8;
			remoteInfo = GPUImageFramework;
		};
		0A46BA641E87EDE7004580D9 /* PBXContainerItemProxy */ = {
			isa = PBXContainerItemProxy;
			containerPortal = 0A46BA5A1E87EDC0004580D9 /* GPUImage.xcodeproj */;
			proxyType = 1;
			remoteGlobalIDString = BCF1A33314DDB1EC00852800;
			remoteInfo = GPUImage;
		};
		0A6171391E666B3100A61D99 /* PBXContainerItemProxy */ = {
			isa = PBXContainerItemProxy;
			containerPortal = 0A6171171E666B3100A61D99 /* Project object */;
			proxyType = 1;
			remoteGlobalIDString = 0A61711E1E666B3100A61D99;
			remoteInfo = LLYRtmpDemo;
		};
		0A6171441E666B3100A61D99 /* PBXContainerItemProxy */ = {
			isa = PBXContainerItemProxy;
			containerPortal = 0A6171171E666B3100A61D99 /* Project object */;
			proxyType = 1;
			remoteGlobalIDString = 0A61711E1E666B3100A61D99;
			remoteInfo = LLYRtmpDemo;
		};
/* End PBXContainerItemProxy section */

/* Begin PBXFileReference section */
		0A46BA5A1E87EDC0004580D9 /* GPUImage.xcodeproj */ = {isa = PBXFileReference; lastKnownFileType = "wrapper.pb-project"; name = GPUImage.xcodeproj; path = GPUImage/framework/GPUImage.xcodeproj; sourceTree = "<group>"; };
		0A46BA671E87EE0C004580D9 /* CoreMedia.framework */ = {isa = PBXFileReference; lastKnownFileType = wrapper.framework; name = CoreMedia.framework; path = System/Library/Frameworks/CoreMedia.framework; sourceTree = SDKROOT; };
		0A46BA691E87EE14004580D9 /* CoreVideo.framework */ = {isa = PBXFileReference; lastKnownFileType = wrapper.framework; name = CoreVideo.framework; path = System/Library/Frameworks/CoreVideo.framework; sourceTree = SDKROOT; };
		0A46BA6B1E87EE1C004580D9 /* OpenGLES.framework */ = {isa = PBXFileReference; lastKnownFileType = wrapper.framework; name = OpenGLES.framework; path = System/Library/Frameworks/OpenGLES.framework; sourceTree = SDKROOT; };
		0A46BA6D1E87EE24004580D9 /* AVFoundation.framework */ = {isa = PBXFileReference; lastKnownFileType = wrapper.framework; name = AVFoundation.framework; path = System/Library/Frameworks/AVFoundation.framework; sourceTree = SDKROOT; };
		0A46BA6F1E87EE2D004580D9 /* QuartzCore.framework */ = {isa = PBXFileReference; lastKnownFileType = wrapper.framework; name = QuartzCore.framework; path = System/Library/Frameworks/QuartzCore.framework; sourceTree = SDKROOT; };
		0A46BA721E88C2B0004580D9 /* LLYAudienceVC.h */ = {isa = PBXFileReference; fileEncoding = 4; lastKnownFileType = sourcecode.c.h; path = LLYAudienceVC.h; sourceTree = "<group>"; };
		0A46BA731E88C2B0004580D9 /* LLYAudienceVC.m */ = {isa = PBXFileReference; fileEncoding = 4; lastKnownFileType = sourcecode.c.objc; path = LLYAudienceVC.m; sourceTree = "<group>"; };
		0A46BA741E88C2B0004580D9 /* LLYAudienceVC.xib */ = {isa = PBXFileReference; fileEncoding = 4; lastKnownFileType = file.xib; path = LLYAudienceVC.xib; sourceTree = "<group>"; };
		0A46BA791E88C459004580D9 /* LLYDirectorVC.h */ = {isa = PBXFileReference; fileEncoding = 4; lastKnownFileType = sourcecode.c.h; name = LLYDirectorVC.h; path = ../LLYDirectorVC.h; sourceTree = "<group>"; };
		0A46BA7A1E88C459004580D9 /* LLYDirectorVC.m */ = {isa = PBXFileReference; fileEncoding = 4; lastKnownFileType = sourcecode.c.objc; name = LLYDirectorVC.m; path = ../LLYDirectorVC.m; sourceTree = "<group>"; };
		0A46BA7B1E88C459004580D9 /* LLYDirectorVC.xib */ = {isa = PBXFileReference; fileEncoding = 4; lastKnownFileType = file.xib; name = LLYDirectorVC.xib; path = ../LLYDirectorVC.xib; sourceTree = "<group>"; };
		0A46BA7E1E88C849004580D9 /* LYOpenGLView.h */ = {isa = PBXFileReference; fileEncoding = 4; lastKnownFileType = sourcecode.c.h; path = LYOpenGLView.h; sourceTree = "<group>"; };
		0A46BA7F1E88C849004580D9 /* LYOpenGLView.m */ = {isa = PBXFileReference; fileEncoding = 4; lastKnownFileType = sourcecode.c.objc; path = LYOpenGLView.m; sourceTree = "<group>"; };
		0A46BA821E88E702004580D9 /* LLYPCHHeader.pch */ = {isa = PBXFileReference; fileEncoding = 4; lastKnownFileType = sourcecode.c.h; name = LLYPCHHeader.pch; path = LLYRtmpDemo/LLYPCHHeader.pch; sourceTree = "<group>"; };
		0A46BA831E88E7EB004580D9 /* LLYDemoHeader.h */ = {isa = PBXFileReference; lastKnownFileType = sourcecode.c.h; path = LLYDemoHeader.h; sourceTree = "<group>"; };
		0A5525F11E6E65CA008C709F /* NSMutableData+Buffer.h */ = {isa = PBXFileReference; fileEncoding = 4; lastKnownFileType = sourcecode.c.h; path = "NSMutableData+Buffer.h"; sourceTree = "<group>"; };
		0A5525F21E6E65CA008C709F /* NSMutableData+Buffer.m */ = {isa = PBXFileReference; fileEncoding = 4; lastKnownFileType = sourcecode.c.objc; path = "NSMutableData+Buffer.m"; sourceTree = "<group>"; };
		0A5525F41E6E6733008C709F /* NSString+Url.h */ = {isa = PBXFileReference; fileEncoding = 4; lastKnownFileType = sourcecode.c.h; path = "NSString+Url.h"; sourceTree = "<group>"; };
		0A5525F51E6E6733008C709F /* NSString+Url.m */ = {isa = PBXFileReference; fileEncoding = 4; lastKnownFileType = sourcecode.c.objc; path = "NSString+Url.m"; sourceTree = "<group>"; };
		0A5525FD1E6EA764008C709F /* LLYRtmpConfig.h */ = {isa = PBXFileReference; fileEncoding = 4; lastKnownFileType = sourcecode.c.h; path = LLYRtmpConfig.h; sourceTree = "<group>"; };
		0A5525FE1E6EA764008C709F /* LLYRtmpConfig.m */ = {isa = PBXFileReference; fileEncoding = 4; lastKnownFileType = sourcecode.c.objc; path = LLYRtmpConfig.m; sourceTree = "<group>"; };
		0A61711F1E666B3100A61D99 /* LLYRtmpDemo.app */ = {isa = PBXFileReference; explicitFileType = wrapper.application; includeInIndex = 0; path = LLYRtmpDemo.app; sourceTree = BUILT_PRODUCTS_DIR; };
		0A6171231E666B3100A61D99 /* main.m */ = {isa = PBXFileReference; lastKnownFileType = sourcecode.c.objc; path = main.m; sourceTree = "<group>"; };
		0A6171251E666B3100A61D99 /* AppDelegate.h */ = {isa = PBXFileReference; lastKnownFileType = sourcecode.c.h; path = AppDelegate.h; sourceTree = "<group>"; };
		0A6171261E666B3100A61D99 /* AppDelegate.m */ = {isa = PBXFileReference; lastKnownFileType = sourcecode.c.objc; path = AppDelegate.m; sourceTree = "<group>"; };
		0A6171281E666B3100A61D99 /* ViewController.h */ = {isa = PBXFileReference; lastKnownFileType = sourcecode.c.h; path = ViewController.h; sourceTree = "<group>"; };
		0A6171291E666B3100A61D99 /* ViewController.m */ = {isa = PBXFileReference; lastKnownFileType = sourcecode.c.objc; path = ViewController.m; sourceTree = "<group>"; };
		0A61712C1E666B3100A61D99 /* Base */ = {isa = PBXFileReference; lastKnownFileType = file.storyboard; name = Base; path = Base.lproj/Main.storyboard; sourceTree = "<group>"; };
		0A61712E1E666B3100A61D99 /* Assets.xcassets */ = {isa = PBXFileReference; lastKnownFileType = folder.assetcatalog; path = Assets.xcassets; sourceTree = "<group>"; };
		0A6171311E666B3100A61D99 /* Base */ = {isa = PBXFileReference; lastKnownFileType = file.storyboard; name = Base; path = Base.lproj/LaunchScreen.storyboard; sourceTree = "<group>"; };
		0A6171331E666B3100A61D99 /* Info.plist */ = {isa = PBXFileReference; lastKnownFileType = text.plist.xml; path = Info.plist; sourceTree = "<group>"; };
		0A6171381E666B3100A61D99 /* LLYRtmpDemoTests.xctest */ = {isa = PBXFileReference; explicitFileType = wrapper.cfbundle; includeInIndex = 0; path = LLYRtmpDemoTests.xctest; sourceTree = BUILT_PRODUCTS_DIR; };
		0A61713C1E666B3100A61D99 /* LLYRtmpDemoTests.m */ = {isa = PBXFileReference; lastKnownFileType = sourcecode.c.objc; path = LLYRtmpDemoTests.m; sourceTree = "<group>"; };
		0A61713E1E666B3100A61D99 /* Info.plist */ = {isa = PBXFileReference; lastKnownFileType = text.plist.xml; path = Info.plist; sourceTree = "<group>"; };
		0A6171431E666B3100A61D99 /* LLYRtmpDemoUITests.xctest */ = {isa = PBXFileReference; explicitFileType = wrapper.cfbundle; includeInIndex = 0; path = LLYRtmpDemoUITests.xctest; sourceTree = BUILT_PRODUCTS_DIR; };
		0A6171471E666B3100A61D99 /* LLYRtmpDemoUITests.m */ = {isa = PBXFileReference; lastKnownFileType = sourcecode.c.objc; path = LLYRtmpDemoUITests.m; sourceTree = "<group>"; };
		0A6171491E666B3100A61D99 /* Info.plist */ = {isa = PBXFileReference; lastKnownFileType = text.plist.xml; path = Info.plist; sourceTree = "<group>"; };
		0A6171561E666B8E00A61D99 /* VideoToolbox.framework */ = {isa = PBXFileReference; lastKnownFileType = wrapper.framework; name = VideoToolbox.framework; path = System/Library/Frameworks/VideoToolbox.framework; sourceTree = SDKROOT; };
		0A6171641E666DF300A61D99 /* LLYVideoDecode.h */ = {isa = PBXFileReference; fileEncoding = 4; lastKnownFileType = sourcecode.c.h; path = LLYVideoDecode.h; sourceTree = "<group>"; };
		0A6171651E666DF300A61D99 /* LLYVideoDecode.m */ = {isa = PBXFileReference; fileEncoding = 4; lastKnownFileType = sourcecode.c.objc; path = LLYVideoDecode.m; sourceTree = "<group>"; };
		0A6171671E666E1F00A61D99 /* LLYVideoEncode.h */ = {isa = PBXFileReference; fileEncoding = 4; lastKnownFileType = sourcecode.c.h; path = LLYVideoEncode.h; sourceTree = "<group>"; };
		0A6171681E666E1F00A61D99 /* LLYVideoEncode.m */ = {isa = PBXFileReference; fileEncoding = 4; lastKnownFileType = sourcecode.c.objc; path = LLYVideoEncode.m; sourceTree = "<group>"; };
		0A61716A1E66746100A61D99 /* LLYVideoConfig.h */ = {isa = PBXFileReference; fileEncoding = 4; lastKnownFileType = sourcecode.c.h; path = LLYVideoConfig.h; sourceTree = "<group>"; };
		0A61716B1E66746100A61D99 /* LLYVideoConfig.m */ = {isa = PBXFileReference; fileEncoding = 4; lastKnownFileType = sourcecode.c.objc; path = LLYVideoConfig.m; sourceTree = "<group>"; };
		0A61716E1E6674EF00A61D99 /* LLYVideoInputHandler.h */ = {isa = PBXFileReference; fileEncoding = 4; lastKnownFileType = sourcecode.c.h; path = LLYVideoInputHandler.h; sourceTree = "<group>"; };
		0A61716F1E6674EF00A61D99 /* LLYVideoInputHandler.m */ = {isa = PBXFileReference; fileEncoding = 4; lastKnownFileType = sourcecode.c.objc; path = LLYVideoInputHandler.m; sourceTree = "<group>"; };
		0A6171711E66781600A61D99 /* LLYVideoOutputHandler.h */ = {isa = PBXFileReference; fileEncoding = 4; lastKnownFileType = sourcecode.c.h; path = LLYVideoOutputHandler.h; sourceTree = "<group>"; };
		0A6171721E66781600A61D99 /* LLYVideoOutputHandler.m */ = {isa = PBXFileReference; fileEncoding = 4; lastKnownFileType = sourcecode.c.objc; path = LLYVideoOutputHandler.m; sourceTree = "<group>"; };
		0A6171751E66A2F800A61D99 /* LLYRtmpSession.h */ = {isa = PBXFileReference; fileEncoding = 4; lastKnownFileType = sourcecode.c.h; path = LLYRtmpSession.h; sourceTree = "<group>"; };
		0A6171761E66A2F800A61D99 /* LLYRtmpSession.m */ = {isa = PBXFileReference; fileEncoding = 4; lastKnownFileType = sourcecode.c.objc; path = LLYRtmpSession.m; sourceTree = "<group>"; };
		0A6171781E66A31C00A61D99 /* LLYVideoSession.h */ = {isa = PBXFileReference; fileEncoding = 4; lastKnownFileType = sourcecode.c.h; path = LLYVideoSession.h; sourceTree = "<group>"; };
		0A6171791E66A31C00A61D99 /* LLYVideoSession.m */ = {isa = PBXFileReference; fileEncoding = 4; lastKnownFileType = sourcecode.c.objc; path = LLYVideoSession.m; sourceTree = "<group>"; };
		0A61717B1E66B26400A61D99 /* LLYSessions.h */ = {isa = PBXFileReference; fileEncoding = 4; lastKnownFileType = sourcecode.c.h; path = LLYSessions.h; sourceTree = "<group>"; };
		0A61717C1E66B26400A61D99 /* LLYSessions.m */ = {isa = PBXFileReference; fileEncoding = 4; lastKnownFileType = sourcecode.c.objc; path = LLYSessions.m; sourceTree = "<group>"; };
		0A61717F1E680CEC00A61D99 /* LLYFrame.h */ = {isa = PBXFileReference; fileEncoding = 4; lastKnownFileType = sourcecode.c.h; path = LLYFrame.h; sourceTree = "<group>"; };
		0A6171801E680CEC00A61D99 /* LLYFrame.m */ = {isa = PBXFileReference; fileEncoding = 4; lastKnownFileType = sourcecode.c.objc; path = LLYFrame.m; sourceTree = "<group>"; };
		0A6171821E680D2F00A61D99 /* LLYVideoPackager.h */ = {isa = PBXFileReference; fileEncoding = 4; lastKnownFileType = sourcecode.c.h; path = LLYVideoPackager.h; sourceTree = "<group>"; };
		0A6171831E680D2F00A61D99 /* LLYVideoPackager.m */ = {isa = PBXFileReference; fileEncoding = 4; lastKnownFileType = sourcecode.c.objc; path = LLYVideoPackager.m; sourceTree = "<group>"; };
		0A6171851E68153100A61D99 /* LLYTypeHeader.h */ = {isa = PBXFileReference; lastKnownFileType = sourcecode.c.h; path = LLYTypeHeader.h; sourceTree = "<group>"; };
		0A6171861E6825EC00A61D99 /* LLYStreamSession.h */ = {isa = PBXFileReference; fileEncoding = 4; lastKnownFileType = sourcecode.c.h; path = LLYStreamSession.h; sourceTree = "<group>"; };
		0A6171871E6825EC00A61D99 /* LLYStreamSession.m */ = {isa = PBXFileReference; fileEncoding = 4; lastKnownFileType = sourcecode.c.objc; path = LLYStreamSession.m; sourceTree = "<group>"; };
/* End PBXFileReference section */

/* Begin PBXFrameworksBuildPhase section */
		0A61711C1E666B3100A61D99 /* Frameworks */ = {
			isa = PBXFrameworksBuildPhase;
			buildActionMask = 2147483647;
			files = (
				0A46BA701E87EE2D004580D9 /* QuartzCore.framework in Frameworks */,
				0A46BA6E1E87EE24004580D9 /* AVFoundation.framework in Frameworks */,
				0A46BA6C1E87EE1C004580D9 /* OpenGLES.framework in Frameworks */,
				0A46BA6A1E87EE14004580D9 /* CoreVideo.framework in Frameworks */,
				0A46BA681E87EE0C004580D9 /* CoreMedia.framework in Frameworks */,
				0A46BA661E87EDFF004580D9 /* libGPUImage.a in Frameworks */,
				0A6171571E666B8E00A61D99 /* VideoToolbox.framework in Frameworks */,
			);
			runOnlyForDeploymentPostprocessing = 0;
		};
		0A6171351E666B3100A61D99 /* Frameworks */ = {
			isa = PBXFrameworksBuildPhase;
			buildActionMask = 2147483647;
			files = (
			);
			runOnlyForDeploymentPostprocessing = 0;
		};
		0A6171401E666B3100A61D99 /* Frameworks */ = {
			isa = PBXFrameworksBuildPhase;
			buildActionMask = 2147483647;
			files = (
			);
			runOnlyForDeploymentPostprocessing = 0;
		};
/* End PBXFrameworksBuildPhase section */

/* Begin PBXGroup section */
		0A46BA5B1E87EDC0004580D9 /* Products */ = {
			isa = PBXGroup;
			children = (
				0A46BA611E87EDC0004580D9 /* libGPUImage.a */,
				0A46BA631E87EDC0004580D9 /* GPUImage.framework */,
			);
			name = Products;
			sourceTree = "<group>";
		};
		0A5525F01E6E6597008C709F /* category */ = {
			isa = PBXGroup;
			children = (
				0A5525F11E6E65CA008C709F /* NSMutableData+Buffer.h */,
				0A5525F21E6E65CA008C709F /* NSMutableData+Buffer.m */,
				0A5525F41E6E6733008C709F /* NSString+Url.h */,
				0A5525F51E6E6733008C709F /* NSString+Url.m */,
			);
			path = category;
			sourceTree = "<group>";
		};
		0A6171161E666B3100A61D99 = {
			isa = PBXGroup;
			children = (
				0A46BA831E88E7EB004580D9 /* LLYDemoHeader.h */,
				0A46BA821E88E702004580D9 /* LLYPCHHeader.pch */,
				0A46BA5A1E87EDC0004580D9 /* GPUImage.xcodeproj */,
				0A6171211E666B3100A61D99 /* LLYRtmpDemo */,
				0A61713B1E666B3100A61D99 /* LLYRtmpDemoTests */,
				0A6171461E666B3100A61D99 /* LLYRtmpDemoUITests */,
				0A6171201E666B3100A61D99 /* Products */,
				0A6171551E666B8E00A61D99 /* Frameworks */,
			);
			sourceTree = "<group>";
		};
		0A6171201E666B3100A61D99 /* Products */ = {
			isa = PBXGroup;
			children = (
				0A61711F1E666B3100A61D99 /* LLYRtmpDemo.app */,
				0A6171381E666B3100A61D99 /* LLYRtmpDemoTests.xctest */,
				0A6171431E666B3100A61D99 /* LLYRtmpDemoUITests.xctest */,
			);
			name = Products;
			sourceTree = "<group>";
		};
		0A6171211E666B3100A61D99 /* LLYRtmpDemo */ = {
			isa = PBXGroup;
			children = (
				0A5525F01E6E6597008C709F /* category */,
				0A61717E1E680CD400A61D99 /* package */,
				0A6171741E66A2E900A61D99 /* session */,
				0A61716D1E6674A100A61D99 /* handler */,
				0A6171631E666DB400A61D99 /* config */,
				0A6171581E666C1D00A61D99 /* decode */,
				0A6171591E666C1D00A61D99 /* encode */,
				0A6171251E666B3100A61D99 /* AppDelegate.h */,
				0A6171261E666B3100A61D99 /* AppDelegate.m */,
				0A6171281E666B3100A61D99 /* ViewController.h */,
				0A6171291E666B3100A61D99 /* ViewController.m */,
				0A61712B1E666B3100A61D99 /* Main.storyboard */,
				0A61712E1E666B3100A61D99 /* Assets.xcassets */,
				0A6171301E666B3100A61D99 /* LaunchScreen.storyboard */,
				0A6171331E666B3100A61D99 /* Info.plist */,
				0A6171221E666B3100A61D99 /* Supporting Files */,
				0A46BA791E88C459004580D9 /* LLYDirectorVC.h */,
				0A46BA7A1E88C459004580D9 /* LLYDirectorVC.m */,
				0A46BA7B1E88C459004580D9 /* LLYDirectorVC.xib */,
				0A46BA7E1E88C849004580D9 /* LYOpenGLView.h */,
				0A46BA7F1E88C849004580D9 /* LYOpenGLView.m */,
				0A6171851E68153100A61D99 /* LLYTypeHeader.h */,
				0A46BA721E88C2B0004580D9 /* LLYAudienceVC.h */,
				0A46BA731E88C2B0004580D9 /* LLYAudienceVC.m */,
				0A46BA741E88C2B0004580D9 /* LLYAudienceVC.xib */,
			);
			path = LLYRtmpDemo;
			sourceTree = "<group>";
		};
		0A6171221E666B3100A61D99 /* Supporting Files */ = {
			isa = PBXGroup;
			children = (
				0A6171231E666B3100A61D99 /* main.m */,
			);
			name = "Supporting Files";
			sourceTree = "<group>";
		};
		0A61713B1E666B3100A61D99 /* LLYRtmpDemoTests */ = {
			isa = PBXGroup;
			children = (
				0A61713C1E666B3100A61D99 /* LLYRtmpDemoTests.m */,
				0A61713E1E666B3100A61D99 /* Info.plist */,
			);
			path = LLYRtmpDemoTests;
			sourceTree = "<group>";
		};
		0A6171461E666B3100A61D99 /* LLYRtmpDemoUITests */ = {
			isa = PBXGroup;
			children = (
				0A6171471E666B3100A61D99 /* LLYRtmpDemoUITests.m */,
				0A6171491E666B3100A61D99 /* Info.plist */,
			);
			path = LLYRtmpDemoUITests;
			sourceTree = "<group>";
		};
		0A6171551E666B8E00A61D99 /* Frameworks */ = {
			isa = PBXGroup;
			children = (
				0A46BA6F1E87EE2D004580D9 /* QuartzCore.framework */,
				0A46BA6D1E87EE24004580D9 /* AVFoundation.framework */,
				0A46BA6B1E87EE1C004580D9 /* OpenGLES.framework */,
				0A46BA691E87EE14004580D9 /* CoreVideo.framework */,
				0A46BA671E87EE0C004580D9 /* CoreMedia.framework */,
				0A6171561E666B8E00A61D99 /* VideoToolbox.framework */,
			);
			name = Frameworks;
			sourceTree = "<group>";
		};
		0A6171581E666C1D00A61D99 /* decode */ = {
			isa = PBXGroup;
			children = (
				0A6171641E666DF300A61D99 /* LLYVideoDecode.h */,
				0A6171651E666DF300A61D99 /* LLYVideoDecode.m */,
			);
			path = decode;
			sourceTree = "<group>";
		};
		0A6171591E666C1D00A61D99 /* encode */ = {
			isa = PBXGroup;
			children = (
				0A6171671E666E1F00A61D99 /* LLYVideoEncode.h */,
				0A6171681E666E1F00A61D99 /* LLYVideoEncode.m */,
			);
			path = encode;
			sourceTree = "<group>";
		};
		0A6171631E666DB400A61D99 /* config */ = {
			isa = PBXGroup;
			children = (
				0A61716A1E66746100A61D99 /* LLYVideoConfig.h */,
				0A61716B1E66746100A61D99 /* LLYVideoConfig.m */,
				0A5525FD1E6EA764008C709F /* LLYRtmpConfig.h */,
				0A5525FE1E6EA764008C709F /* LLYRtmpConfig.m */,
			);
			path = config;
			sourceTree = "<group>";
		};
		0A61716D1E6674A100A61D99 /* handler */ = {
			isa = PBXGroup;
			children = (
				0A61716E1E6674EF00A61D99 /* LLYVideoInputHandler.h */,
				0A61716F1E6674EF00A61D99 /* LLYVideoInputHandler.m */,
				0A6171711E66781600A61D99 /* LLYVideoOutputHandler.h */,
				0A6171721E66781600A61D99 /* LLYVideoOutputHandler.m */,
			);
			path = handler;
			sourceTree = "<group>";
		};
		0A6171741E66A2E900A61D99 /* session */ = {
			isa = PBXGroup;
			children = (
				0A6171751E66A2F800A61D99 /* LLYRtmpSession.h */,
				0A6171761E66A2F800A61D99 /* LLYRtmpSession.m */,
				0A6171781E66A31C00A61D99 /* LLYVideoSession.h */,
				0A6171791E66A31C00A61D99 /* LLYVideoSession.m */,
				0A61717B1E66B26400A61D99 /* LLYSessions.h */,
				0A61717C1E66B26400A61D99 /* LLYSessions.m */,
				0A6171861E6825EC00A61D99 /* LLYStreamSession.h */,
				0A6171871E6825EC00A61D99 /* LLYStreamSession.m */,
			);
			path = session;
			sourceTree = "<group>";
		};
		0A61717E1E680CD400A61D99 /* package */ = {
			isa = PBXGroup;
			children = (
				0A61717F1E680CEC00A61D99 /* LLYFrame.h */,
				0A6171801E680CEC00A61D99 /* LLYFrame.m */,
				0A6171821E680D2F00A61D99 /* LLYVideoPackager.h */,
				0A6171831E680D2F00A61D99 /* LLYVideoPackager.m */,
			);
			path = package;
			sourceTree = "<group>";
		};
/* End PBXGroup section */

/* Begin PBXNativeTarget section */
		0A61711E1E666B3100A61D99 /* LLYRtmpDemo */ = {
			isa = PBXNativeTarget;
			buildConfigurationList = 0A61714C1E666B3100A61D99 /* Build configuration list for PBXNativeTarget "LLYRtmpDemo" */;
			buildPhases = (
				0A61711B1E666B3100A61D99 /* Sources */,
				0A61711C1E666B3100A61D99 /* Frameworks */,
				0A61711D1E666B3100A61D99 /* Resources */,
			);
			buildRules = (
			);
			dependencies = (
				0A46BA651E87EDE7004580D9 /* PBXTargetDependency */,
			);
			name = LLYRtmpDemo;
			productName = LLYRtmpDemo;
			productReference = 0A61711F1E666B3100A61D99 /* LLYRtmpDemo.app */;
			productType = "com.apple.product-type.application";
		};
		0A6171371E666B3100A61D99 /* LLYRtmpDemoTests */ = {
			isa = PBXNativeTarget;
			buildConfigurationList = 0A61714F1E666B3100A61D99 /* Build configuration list for PBXNativeTarget "LLYRtmpDemoTests" */;
			buildPhases = (
				0A6171341E666B3100A61D99 /* Sources */,
				0A6171351E666B3100A61D99 /* Frameworks */,
				0A6171361E666B3100A61D99 /* Resources */,
			);
			buildRules = (
			);
			dependencies = (
				0A61713A1E666B3100A61D99 /* PBXTargetDependency */,
			);
			name = LLYRtmpDemoTests;
			productName = LLYRtmpDemoTests;
			productReference = 0A6171381E666B3100A61D99 /* LLYRtmpDemoTests.xctest */;
			productType = "com.apple.product-type.bundle.unit-test";
		};
		0A6171421E666B3100A61D99 /* LLYRtmpDemoUITests */ = {
			isa = PBXNativeTarget;
			buildConfigurationList = 0A6171521E666B3100A61D99 /* Build configuration list for PBXNativeTarget "LLYRtmpDemoUITests" */;
			buildPhases = (
				0A61713F1E666B3100A61D99 /* Sources */,
				0A6171401E666B3100A61D99 /* Frameworks */,
				0A6171411E666B3100A61D99 /* Resources */,
			);
			buildRules = (
			);
			dependencies = (
				0A6171451E666B3100A61D99 /* PBXTargetDependency */,
			);
			name = LLYRtmpDemoUITests;
			productName = LLYRtmpDemoUITests;
			productReference = 0A6171431E666B3100A61D99 /* LLYRtmpDemoUITests.xctest */;
			productType = "com.apple.product-type.bundle.ui-testing";
		};
/* End PBXNativeTarget section */

/* Begin PBXProject section */
		0A6171171E666B3100A61D99 /* Project object */ = {
			isa = PBXProject;
			attributes = {
				LastUpgradeCheck = 0820;
				ORGANIZATIONNAME = lly;
				TargetAttributes = {
					0A61711E1E666B3100A61D99 = {
						CreatedOnToolsVersion = 8.2.1;
						DevelopmentTeam = PW2BL84NY9;
						ProvisioningStyle = Automatic;
					};
					0A6171371E666B3100A61D99 = {
						CreatedOnToolsVersion = 8.2.1;
						DevelopmentTeam = PW2BL84NY9;
						ProvisioningStyle = Automatic;
						TestTargetID = 0A61711E1E666B3100A61D99;
					};
					0A6171421E666B3100A61D99 = {
						CreatedOnToolsVersion = 8.2.1;
						DevelopmentTeam = PW2BL84NY9;
						ProvisioningStyle = Automatic;
						TestTargetID = 0A61711E1E666B3100A61D99;
					};
				};
			};
			buildConfigurationList = 0A61711A1E666B3100A61D99 /* Build configuration list for PBXProject "LLYRtmpDemo" */;
			compatibilityVersion = "Xcode 3.2";
			developmentRegion = English;
			hasScannedForEncodings = 0;
			knownRegions = (
				en,
				Base,
			);
			mainGroup = 0A6171161E666B3100A61D99;
			productRefGroup = 0A6171201E666B3100A61D99 /* Products */;
			projectDirPath = "";
			projectReferences = (
				{
					ProductGroup = 0A46BA5B1E87EDC0004580D9 /* Products */;
					ProjectRef = 0A46BA5A1E87EDC0004580D9 /* GPUImage.xcodeproj */;
				},
			);
			projectRoot = "";
			targets = (
				0A61711E1E666B3100A61D99 /* LLYRtmpDemo */,
				0A6171371E666B3100A61D99 /* LLYRtmpDemoTests */,
				0A6171421E666B3100A61D99 /* LLYRtmpDemoUITests */,
			);
		};
/* End PBXProject section */

/* Begin PBXReferenceProxy section */
		0A46BA611E87EDC0004580D9 /* libGPUImage.a */ = {
			isa = PBXReferenceProxy;
			fileType = archive.ar;
			path = libGPUImage.a;
			remoteRef = 0A46BA601E87EDC0004580D9 /* PBXContainerItemProxy */;
			sourceTree = BUILT_PRODUCTS_DIR;
		};
		0A46BA631E87EDC0004580D9 /* GPUImage.framework */ = {
			isa = PBXReferenceProxy;
			fileType = wrapper.framework;
			path = GPUImage.framework;
			remoteRef = 0A46BA621E87EDC0004580D9 /* PBXContainerItemProxy */;
			sourceTree = BUILT_PRODUCTS_DIR;
		};
/* End PBXReferenceProxy section */

/* Begin PBXResourcesBuildPhase section */
		0A61711D1E666B3100A61D99 /* Resources */ = {
			isa = PBXResourcesBuildPhase;
			buildActionMask = 2147483647;
			files = (
				0A6171321E666B3100A61D99 /* LaunchScreen.storyboard in Resources */,
				0A61712F1E666B3100A61D99 /* Assets.xcassets in Resources */,
				0A46BA7D1E88C459004580D9 /* LLYDirectorVC.xib in Resources */,
				0A46BA761E88C2B0004580D9 /* LLYAudienceVC.xib in Resources */,
				0A61712D1E666B3100A61D99 /* Main.storyboard in Resources */,
			);
			runOnlyForDeploymentPostprocessing = 0;
		};
		0A6171361E666B3100A61D99 /* Resources */ = {
			isa = PBXResourcesBuildPhase;
			buildActionMask = 2147483647;
			files = (
			);
			runOnlyForDeploymentPostprocessing = 0;
		};
		0A6171411E666B3100A61D99 /* Resources */ = {
			isa = PBXResourcesBuildPhase;
			buildActionMask = 2147483647;
			files = (
			);
			runOnlyForDeploymentPostprocessing = 0;
		};
/* End PBXResourcesBuildPhase section */

/* Begin PBXSourcesBuildPhase section */
		0A61711B1E666B3100A61D99 /* Sources */ = {
			isa = PBXSourcesBuildPhase;
			buildActionMask = 2147483647;
			files = (
				0A6171841E680D2F00A61D99 /* LLYVideoPackager.m in Sources */,
				0A6171661E666DF300A61D99 /* LLYVideoDecode.m in Sources */,
				0A6171771E66A2F800A61D99 /* LLYRtmpSession.m in Sources */,
				0A61717A1E66A31C00A61D99 /* LLYVideoSession.m in Sources */,
				0A46BA751E88C2B0004580D9 /* LLYAudienceVC.m in Sources */,
				0A46BA7C1E88C459004580D9 /* LLYDirectorVC.m in Sources */,
				0A46BA801E88C849004580D9 /* LYOpenGLView.m in Sources */,
				0A5525F31E6E65CA008C709F /* NSMutableData+Buffer.m in Sources */,
				0A5525FF1E6EA764008C709F /* LLYRtmpConfig.m in Sources */,
				0A6171731E66781600A61D99 /* LLYVideoOutputHandler.m in Sources */,
				0A61712A1E666B3100A61D99 /* ViewController.m in Sources */,
				0A6171881E6825EC00A61D99 /* LLYStreamSession.m in Sources */,
				0A61717D1E66B26400A61D99 /* LLYSessions.m in Sources */,
				0A6171701E6674EF00A61D99 /* LLYVideoInputHandler.m in Sources */,
				0A6171271E666B3100A61D99 /* AppDelegate.m in Sources */,
				0A6171691E666E1F00A61D99 /* LLYVideoEncode.m in Sources */,
				0A6171811E680CEC00A61D99 /* LLYFrame.m in Sources */,
				0A6171241E666B3100A61D99 /* main.m in Sources */,
				0A61716C1E66746100A61D99 /* LLYVideoConfig.m in Sources */,
				0A5525F61E6E6733008C709F /* NSString+Url.m in Sources */,
			);
			runOnlyForDeploymentPostprocessing = 0;
		};
		0A6171341E666B3100A61D99 /* Sources */ = {
			isa = PBXSourcesBuildPhase;
			buildActionMask = 2147483647;
			files = (
				0A61713D1E666B3100A61D99 /* LLYRtmpDemoTests.m in Sources */,
			);
			runOnlyForDeploymentPostprocessing = 0;
		};
		0A61713F1E666B3100A61D99 /* Sources */ = {
			isa = PBXSourcesBuildPhase;
			buildActionMask = 2147483647;
			files = (
				0A6171481E666B3100A61D99 /* LLYRtmpDemoUITests.m in Sources */,
			);
			runOnlyForDeploymentPostprocessing = 0;
		};
/* End PBXSourcesBuildPhase section */

/* Begin PBXTargetDependency section */
		0A46BA651E87EDE7004580D9 /* PBXTargetDependency */ = {
			isa = PBXTargetDependency;
			name = GPUImage;
			targetProxy = 0A46BA641E87EDE7004580D9 /* PBXContainerItemProxy */;
		};
		0A61713A1E666B3100A61D99 /* PBXTargetDependency */ = {
			isa = PBXTargetDependency;
			target = 0A61711E1E666B3100A61D99 /* LLYRtmpDemo */;
			targetProxy = 0A6171391E666B3100A61D99 /* PBXContainerItemProxy */;
		};
		0A6171451E666B3100A61D99 /* PBXTargetDependency */ = {
			isa = PBXTargetDependency;
			target = 0A61711E1E666B3100A61D99 /* LLYRtmpDemo */;
			targetProxy = 0A6171441E666B3100A61D99 /* PBXContainerItemProxy */;
		};
/* End PBXTargetDependency section */

/* Begin PBXVariantGroup section */
		0A61712B1E666B3100A61D99 /* Main.storyboard */ = {
			isa = PBXVariantGroup;
			children = (
				0A61712C1E666B3100A61D99 /* Base */,
			);
			name = Main.storyboard;
			sourceTree = "<group>";
		};
		0A6171301E666B3100A61D99 /* LaunchScreen.storyboard */ = {
			isa = PBXVariantGroup;
			children = (
				0A6171311E666B3100A61D99 /* Base */,
			);
			name = LaunchScreen.storyboard;
			sourceTree = "<group>";
		};
/* End PBXVariantGroup section */

/* Begin XCBuildConfiguration section */
		0A61714A1E666B3100A61D99 /* Debug */ = {
			isa = XCBuildConfiguration;
			buildSettings = {
				ALWAYS_SEARCH_USER_PATHS = NO;
				CLANG_ANALYZER_NONNULL = YES;
				CLANG_CXX_LANGUAGE_STANDARD = "gnu++0x";
				CLANG_CXX_LIBRARY = "libc++";
				CLANG_ENABLE_MODULES = YES;
				CLANG_ENABLE_OBJC_ARC = YES;
				CLANG_WARN_BOOL_CONVERSION = YES;
				CLANG_WARN_CONSTANT_CONVERSION = YES;
				CLANG_WARN_DIRECT_OBJC_ISA_USAGE = YES_ERROR;
				CLANG_WARN_DOCUMENTATION_COMMENTS = YES;
				CLANG_WARN_EMPTY_BODY = YES;
				CLANG_WARN_ENUM_CONVERSION = YES;
				CLANG_WARN_INFINITE_RECURSION = YES;
				CLANG_WARN_INT_CONVERSION = YES;
				CLANG_WARN_OBJC_ROOT_CLASS = YES_ERROR;
				CLANG_WARN_SUSPICIOUS_MOVE = YES;
				CLANG_WARN_UNREACHABLE_CODE = YES;
				CLANG_WARN__DUPLICATE_METHOD_MATCH = YES;
				"CODE_SIGN_IDENTITY[sdk=iphoneos*]" = "iPhone Developer";
				COPY_PHASE_STRIP = NO;
				DEBUG_INFORMATION_FORMAT = dwarf;
				ENABLE_STRICT_OBJC_MSGSEND = YES;
				ENABLE_TESTABILITY = YES;
				GCC_C_LANGUAGE_STANDARD = gnu99;
				GCC_DYNAMIC_NO_PIC = NO;
				GCC_NO_COMMON_BLOCKS = YES;
				GCC_OPTIMIZATION_LEVEL = 0;
				GCC_PREPROCESSOR_DEFINITIONS = (
					"DEBUG=1",
					"$(inherited)",
				);
				GCC_WARN_64_TO_32_BIT_CONVERSION = YES;
				GCC_WARN_ABOUT_RETURN_TYPE = YES_ERROR;
				GCC_WARN_UNDECLARED_SELECTOR = YES;
				GCC_WARN_UNINITIALIZED_AUTOS = YES_AGGRESSIVE;
				GCC_WARN_UNUSED_FUNCTION = YES;
				GCC_WARN_UNUSED_VARIABLE = YES;
				IPHONEOS_DEPLOYMENT_TARGET = 10.2;
				MTL_ENABLE_DEBUG_INFO = YES;
				ONLY_ACTIVE_ARCH = YES;
				SDKROOT = iphoneos;
			};
			name = Debug;
		};
		0A61714B1E666B3100A61D99 /* Release */ = {
			isa = XCBuildConfiguration;
			buildSettings = {
				ALWAYS_SEARCH_USER_PATHS = NO;
				CLANG_ANALYZER_NONNULL = YES;
				CLANG_CXX_LANGUAGE_STANDARD = "gnu++0x";
				CLANG_CXX_LIBRARY = "libc++";
				CLANG_ENABLE_MODULES = YES;
				CLANG_ENABLE_OBJC_ARC = YES;
				CLANG_WARN_BOOL_CONVERSION = YES;
				CLANG_WARN_CONSTANT_CONVERSION = YES;
				CLANG_WARN_DIRECT_OBJC_ISA_USAGE = YES_ERROR;
				CLANG_WARN_DOCUMENTATION_COMMENTS = YES;
				CLANG_WARN_EMPTY_BODY = YES;
				CLANG_WARN_ENUM_CONVERSION = YES;
				CLANG_WARN_INFINITE_RECURSION = YES;
				CLANG_WARN_INT_CONVERSION = YES;
				CLANG_WARN_OBJC_ROOT_CLASS = YES_ERROR;
				CLANG_WARN_SUSPICIOUS_MOVE = YES;
				CLANG_WARN_UNREACHABLE_CODE = YES;
				CLANG_WARN__DUPLICATE_METHOD_MATCH = YES;
				"CODE_SIGN_IDENTITY[sdk=iphoneos*]" = "iPhone Developer";
				COPY_PHASE_STRIP = NO;
				DEBUG_INFORMATION_FORMAT = "dwarf-with-dsym";
				ENABLE_NS_ASSERTIONS = NO;
				ENABLE_STRICT_OBJC_MSGSEND = YES;
				GCC_C_LANGUAGE_STANDARD = gnu99;
				GCC_NO_COMMON_BLOCKS = YES;
				GCC_WARN_64_TO_32_BIT_CONVERSION = YES;
				GCC_WARN_ABOUT_RETURN_TYPE = YES_ERROR;
				GCC_WARN_UNDECLARED_SELECTOR = YES;
				GCC_WARN_UNINITIALIZED_AUTOS = YES_AGGRESSIVE;
				GCC_WARN_UNUSED_FUNCTION = YES;
				GCC_WARN_UNUSED_VARIABLE = YES;
				IPHONEOS_DEPLOYMENT_TARGET = 10.2;
				MTL_ENABLE_DEBUG_INFO = NO;
				SDKROOT = iphoneos;
				VALIDATE_PRODUCT = YES;
			};
			name = Release;
		};
		0A61714D1E666B3100A61D99 /* Debug */ = {
			isa = XCBuildConfiguration;
			buildSettings = {
				ASSETCATALOG_COMPILER_APPICON_NAME = AppIcon;
				DEVELOPMENT_TEAM = PW2BL84NY9;
				GCC_PREFIX_HEADER = LLYRtmpDemo/LLYPCHHeader.pch;
				HEADER_SEARCH_PATHS = "$(PROJECT_DIR)/GPUImage/framework/**";
				INFOPLIST_FILE = LLYRtmpDemo/Info.plist;
				IPHONEOS_DEPLOYMENT_TARGET = 10.0;
				LD_RUNPATH_SEARCH_PATHS = "$(inherited) @executable_path/Frameworks";
				LIBRARY_SEARCH_PATHS = (
					"$(inherited)",
					"$(PROJECT_DIR)/LLYRtmpDemo/GPUImage",
				);
				OTHER_LDFLAGS = "";
				PRODUCT_BUNDLE_IDENTIFIER = com.lly.LLYRtmpDemo;
				PRODUCT_NAME = "$(TARGET_NAME)";
				USER_HEADER_SEARCH_PATHS = "";
			};
			name = Debug;
		};
		0A61714E1E666B3100A61D99 /* Release */ = {
			isa = XCBuildConfiguration;
			buildSettings = {
				ASSETCATALOG_COMPILER_APPICON_NAME = AppIcon;
				DEVELOPMENT_TEAM = PW2BL84NY9;
				GCC_PREFIX_HEADER = LLYRtmpDemo/LLYPCHHeader.pch;
				HEADER_SEARCH_PATHS = "$(PROJECT_DIR)/GPUImage/framework/**";
				INFOPLIST_FILE = LLYRtmpDemo/Info.plist;
				IPHONEOS_DEPLOYMENT_TARGET = 10.0;
				LD_RUNPATH_SEARCH_PATHS = "$(inherited) @executable_path/Frameworks";
				LIBRARY_SEARCH_PATHS = (
					"$(inherited)",
					"$(PROJECT_DIR)/LLYRtmpDemo/GPUImage",
				);
				OTHER_LDFLAGS = "";
				PRODUCT_BUNDLE_IDENTIFIER = com.lly.LLYRtmpDemo;
				PRODUCT_NAME = "$(TARGET_NAME)";
				USER_HEADER_SEARCH_PATHS = "";
			};
			name = Release;
		};
		0A6171501E666B3100A61D99 /* Debug */ = {
			isa = XCBuildConfiguration;
			buildSettings = {
				BUNDLE_LOADER = "$(TEST_HOST)";
				DEVELOPMENT_TEAM = PW2BL84NY9;
				INFOPLIST_FILE = LLYRtmpDemoTests/Info.plist;
				LD_RUNPATH_SEARCH_PATHS = "$(inherited) @executable_path/Frameworks @loader_path/Frameworks";
				PRODUCT_BUNDLE_IDENTIFIER = com.lly.LLYRtmpDemoTests;
				PRODUCT_NAME = "$(TARGET_NAME)";
				TEST_HOST = "$(BUILT_PRODUCTS_DIR)/LLYRtmpDemo.app/LLYRtmpDemo";
			};
			name = Debug;
		};
		0A6171511E666B3100A61D99 /* Release */ = {
			isa = XCBuildConfiguration;
			buildSettings = {
				BUNDLE_LOADER = "$(TEST_HOST)";
				DEVELOPMENT_TEAM = PW2BL84NY9;
				INFOPLIST_FILE = LLYRtmpDemoTests/Info.plist;
				LD_RUNPATH_SEARCH_PATHS = "$(inherited) @executable_path/Frameworks @loader_path/Frameworks";
				PRODUCT_BUNDLE_IDENTIFIER = com.lly.LLYRtmpDemoTests;
				PRODUCT_NAME = "$(TARGET_NAME)";
				TEST_HOST = "$(BUILT_PRODUCTS_DIR)/LLYRtmpDemo.app/LLYRtmpDemo";
			};
			name = Release;
		};
		0A6171531E666B3100A61D99 /* Debug */ = {
			isa = XCBuildConfiguration;
			buildSettings = {
				DEVELOPMENT_TEAM = PW2BL84NY9;
				INFOPLIST_FILE = LLYRtmpDemoUITests/Info.plist;
				LD_RUNPATH_SEARCH_PATHS = "$(inherited) @executable_path/Frameworks @loader_path/Frameworks";
				PRODUCT_BUNDLE_IDENTIFIER = com.lly.LLYRtmpDemoUITests;
				PRODUCT_NAME = "$(TARGET_NAME)";
				TEST_TARGET_NAME = LLYRtmpDemo;
			};
			name = Debug;
		};
		0A6171541E666B3100A61D99 /* Release */ = {
			isa = XCBuildConfiguration;
			buildSettings = {
				DEVELOPMENT_TEAM = PW2BL84NY9;
				INFOPLIST_FILE = LLYRtmpDemoUITests/Info.plist;
				LD_RUNPATH_SEARCH_PATHS = "$(inherited) @executable_path/Frameworks @loader_path/Frameworks";
				PRODUCT_BUNDLE_IDENTIFIER = com.lly.LLYRtmpDemoUITests;
				PRODUCT_NAME = "$(TARGET_NAME)";
				TEST_TARGET_NAME = LLYRtmpDemo;
			};
			name = Release;
		};
/* End XCBuildConfiguration section */

/* Begin XCConfigurationList section */
		0A61711A1E666B3100A61D99 /* Build configuration list for PBXProject "LLYRtmpDemo" */ = {
			isa = XCConfigurationList;
			buildConfigurations = (
				0A61714A1E666B3100A61D99 /* Debug */,
				0A61714B1E666B3100A61D99 /* Release */,
			);
			defaultConfigurationIsVisible = 0;
			defaultConfigurationName = Release;
		};
		0A61714C1E666B3100A61D99 /* Build configuration list for PBXNativeTarget "LLYRtmpDemo" */ = {
			isa = XCConfigurationList;
			buildConfigurations = (
				0A61714D1E666B3100A61D99 /* Debug */,
				0A61714E1E666B3100A61D99 /* Release */,
			);
			defaultConfigurationIsVisible = 0;
			defaultConfigurationName = Release;
		};
		0A61714F1E666B3100A61D99 /* Build configuration list for PBXNativeTarget "LLYRtmpDemoTests" */ = {
			isa = XCConfigurationList;
			buildConfigurations = (
				0A6171501E666B3100A61D99 /* Debug */,
				0A6171511E666B3100A61D99 /* Release */,
			);
			defaultConfigurationIsVisible = 0;
			defaultConfigurationName = Release;
		};
		0A6171521E666B3100A61D99 /* Build configuration list for PBXNativeTarget "LLYRtmpDemoUITests" */ = {
			isa = XCConfigurationList;
			buildConfigurations = (
				0A6171531E666B3100A61D99 /* Debug */,
				0A6171541E666B3100A61D99 /* Release */,
			);
			defaultConfigurationIsVisible = 0;
			defaultConfigurationName = Release;
		};
/* End XCConfigurationList section */
	};
	rootObject = 0A6171171E666B3100A61D99 /* Project object */;
}
